{
  "nodes": {
    "flake-parts": {
      "inputs": {
        "nixpkgs-lib": [
          "neovim-nightly",
          "nixpkgs"
        ]
      },
      "locked": {
        "lastModified": 1775087534,
        "narHash": "sha256-91qqW8lhL7TLwgQWijoGBbiD4t7/q75KTi8NxjVmSmA=",
        "owner": "hercules-ci",
        "repo": "flake-parts",
        "rev": "3107b77cd68437b9a76194f0f7f9c55f2329ca5b",
        "type": "github"
      },
      "original": {
        "owner": "hercules-ci",
        "repo": "flake-parts",
        "type": "github"
      }
    },
    "home-manager": {
      "inputs": {
        "nixpkgs": [
          "nixpkgs"
        ]
      },
      "locked": {
        "lastModified": 1775900011,
        "narHash": "sha256-QUGu6CJYFQ5AWVV0n3/FsJyV+1/gj7HSDx68/SX9pwM=",
        "owner": "nix-community",
        "repo": "home-manager",
        "rev": "b0569dc6ec1e6e7fefd8f6897184e4c191cd768e",
        "type": "github"
      },
      "original": {
        "owner": "nix-community",
        "repo": "home-manager",
        "type": "github"
      }
    },
    "homebrew": {
      "inputs": {
        "nixpkgs": [
          "nixpkgs"
        ]
      },
      "locked": {
        "lastModified": 1770027735,
        "narHash": "sha256-IRV+Z3yW5HRNe5YaUatkOe71RPpyJBNg8fU1rkS9yqQ=",
        "owner": "koalalorenzo",
        "repo": "home-manager-brew",
        "rev": "d5d66f9a9b8e169809ca81160f9c732bdc62757b",
        "type": "github"
      },
      "original": {
        "owner": "koalalorenzo",
        "repo": "home-manager-brew",
        "type": "github"
      }
    },
    "neovim-nightly": {
      "inputs": {
        "flake-parts": "flake-parts",
        "neovim-src": "neovim-src",
        "nixpkgs": "nixpkgs"
      },
      "locked": {
        "lastModified": 1775865888,
        "narHash": "sha256-im6eWkpc8l8sRnv+uHcxGtUi4cE/rsete9Mo6GBpwqU=",
        "owner": "nix-community",
        "repo": "neovim-nightly-overlay",
        "rev": "da590e86c5019cc3a853f0003b44aef8950b5620",
        "type": "github"
      },
      "original": {
        "owner": "nix-community",
        "repo": "neovim-nightly-overlay",
        "type": "github"
      }
    },
    "neovim-src": {
      "flake": false,
      "locked": {
        "lastModified": 1775864394,
        "narHash": "sha256-mdxM2fMgNn7u2GEvaYJrtuYqM1ZYNHWevoqV/uGP6rE=",
        "owner": "neovim",
        "repo": "neovim",
        "rev": "4f7b6083e5fe13ae0474520c769e1d3aeb25d393",
        "type": "github"
      },
      "original": {
        "owner": "neovim",
        "repo": "neovim",
        "type": "github"
      }
    },
    "nixpkgs": {
      "locked": {
        "lastModified": 1775793324,
        "narHash": "sha256-omax7atcZbol+6HJ2RLpP+ZCFcPa5bZ65Hn71RufeWQ=",
        "owner": "NixOS",
        "repo": "nixpkgs",
        "rev": "9d29d5f667d7467f98efc31881e824fa586c927e",
        "type": "github"
      },
      "original": {
        "owner": "NixOS",
        "ref": "nixpkgs-unstable",
        "repo": "nixpkgs",
        "type": "github"
      }
    },
    "nixpkgs_2": {
      "locked": {
        "lastModified": 1775710090,
        "narHash": "sha256-ar3rofg+awPB8QXDaFJhJ2jJhu+KqN/PRCXeyuXR76E=",
        "owner": "nixos",
        "repo": "nixpkgs",
        "rev": "4c1018dae018162ec878d42fec712642d214fdfa",
        "type": "github"
      },
      "original": {
        "owner": "nixos",
        "ref": "nixos-unstable",
        "repo": "nixpkgs",
        "type": "github"
      }
    },
    "root": {
      "inputs": {
        "home-manager": "home-manager",
        "homebrew": "homebrew",
        "neovim-nightly": "neovim-nightly",
        "nixpkgs": "nixpkgs_2"
      }
    }
  },
  "root": "root",
  "version": 7
}
